Microsoft Visual Studio Solution File, Format Version 12.00
# Visual Studio Version 17
VisualStudioVersion = 17.5.2.0
MinimumVisualStudioVersion = 10.0.40219.1
Project("{FAE04EC0-301F-11D3-BF4B-00C04F79EFBC}") = "FinX.Api", "FinX.Api\FinX.Api.csproj", "{690DF226-EB0B-4828-5C12-2A5A523B71CE}"
EndProject
Global
	GlobalSection(SolutionConfigurationPlatforms) = preSolution
		Debug|Any CPU = Debug|Any CPU
		Release|Any CPU = Release|Any CPU
	EndGlobalSection
	GlobalSection(ProjectConfigurationPlatforms) = postSolution
		{690DF226-EB0B-4828-5C12-2A5A523B71CE}.Debug|Any CPU.ActiveCfg = Debug|Any CPU
		{690DF226-EB0B-4828-5C12-2A5A523B71CE}.Debug|Any CPU.Build.0 = Debug|Any CPU
		{690DF226-EB0B-4828-5C12-2A5A523B71CE}.Release|Any CPU.ActiveCfg = Release|Any CPU
		{690DF226-EB0B-4828-5C12-2A5A523B71CE}.Release|Any CPU.Build.0 = Release|Any CPU
	EndGlobalSection
	GlobalSection(SolutionProperties) = preSolution
		HideSolutionNode = FALSE
	EndGlobalSection
	GlobalSection(ExtensibilityGlobals) = postSolution
		SolutionGuid = {04AA09F5-F8CA-4395-A8BA-9998DF2FD565}
	EndGlobalSection
EndGlobal
